Microsoft Visual Studio Solution File, Format Version 12.00
# Visual Studio Version 17
VisualStudioVersion = 17.5.2.0
MinimumVisualStudioVersion = 10.0.40219.1
Project("{2150E333-8FDC-42A3-9474-1A3956D46DE8}") = "api", "api", "{D82C56D6-B2CD-F611-9E31-04638F7EC30E}"
EndProject
Project("{FAE04EC0-301F-11D3-BF4B-00C04F79EFBC}") = "projekt-api", "api\projekt-api\projekt-api.csproj", "{9AB1F8F2-D49C-167C-15F1-E5093BC143AA}"
EndProject
Global
	GlobalSection(SolutionConfigurationPlatforms) = preSolution
		Debug|Any CPU = Debug|Any CPU
		Release|Any CPU = Release|Any CPU
	EndGlobalSection
	GlobalSection(ProjectConfigurationPlatforms) = postSolution
		{9AB1F8F2-D49C-167C-15F1-E5093BC143AA}.Debug|Any CPU.ActiveCfg = Debug|Any CPU
		{9AB1F8F2-D49C-167C-15F1-E5093BC143AA}.Debug|Any CPU.Build.0 = Debug|Any CPU
		{9AB1F8F2-D49C-167C-15F1-E5093BC143AA}.Release|Any CPU.ActiveCfg = Release|Any CPU
		{9AB1F8F2-D49C-167C-15F1-E5093BC143AA}.Release|Any CPU.Build.0 = Release|Any CPU
	EndGlobalSection
	GlobalSection(SolutionProperties) = preSolution
		HideSolutionNode = FALSE
	EndGlobalSection
	GlobalSection(NestedProjects) = preSolution
		{9AB1F8F2-D49C-167C-15F1-E5093BC143AA} = {D82C56D6-B2CD-F611-9E31-04638F7EC30E}
	EndGlobalSection
	GlobalSection(ExtensibilityGlobals) = postSolution
		SolutionGuid = {170CE0F7-0D9F-4B4A-ACB0-FCD0B32267B4}
	EndGlobalSection
EndGlobal
